// !$*UTF8*$!
{
	archiveVersion = 1;
	classes = {
	};
	objectVersion = 52;
	objects = {

/* Begin PBXBuildFile section */
		2998DF0323A858560017269B /* UnitTableViewController.swift in Sources */ = {isa = PBXBuildFile; fileRef = 2998DF0223A858560017269B /* UnitTableViewController.swift */; };
		2998DF0523A858640017269B /* UnitDetailView.swift in Sources */ = {isa = PBXBuildFile; fileRef = 2998DF0423A858640017269B /* UnitDetailView.swift */; };
		299EA5FF23A58AE800D9E7BA /* AppDelegate.swift in Sources */ = {isa = PBXBuildFile; fileRef = 299EA5FE23A58AE800D9E7BA /* AppDelegate.swift */; };
		299EA60123A58AE800D9E7BA /* SceneDelegate.swift in Sources */ = {isa = PBXBuildFile; fileRef = 299EA60023A58AE800D9E7BA /* SceneDelegate.swift */; };
		299EA60323A58AE800D9E7BA /* BaseViewController.swift in Sources */ = {isa = PBXBuildFile; fileRef = 299EA60223A58AE800D9E7BA /* BaseViewController.swift */; };
		299EA60623A58AE800D9E7BA /* Main.storyboard in Resources */ = {isa = PBXBuildFile; fileRef = 299EA60423A58AE800D9E7BA /* Main.storyboard */; };
		299EA60823A58AEA00D9E7BA /* Assets.xcassets in Resources */ = {isa = PBXBuildFile; fileRef = 299EA60723A58AEA00D9E7BA /* Assets.xcassets */; };
		299EA60B23A58AEA00D9E7BA /* LaunchScreen.storyboard in Resources */ = {isa = PBXBuildFile; fileRef = 299EA60923A58AEA00D9E7BA /* LaunchScreen.storyboard */; };
		299EA61423A58B2300D9E7BA /* SwiftUIKit in Frameworks */ = {isa = PBXBuildFile; productRef = 299EA61323A58B2300D9E7BA /* SwiftUIKit */; };
		299EA61723A58B3D00D9E7BA /* SLog in Frameworks */ = {isa = PBXBuildFile; productRef = 299EA61623A58B3D00D9E7BA /* SLog */; };
		299EA61A23A58CAA00D9E7BA /* API.swift in Sources */ = {isa = PBXBuildFile; fileRef = 299EA61923A58CAA00D9E7BA /* API.swift */; };
		299EA61D23A58DAD00D9E7BA /* Civilization.swift in Sources */ = {isa = PBXBuildFile; fileRef = 299EA61C23A58DAD00D9E7BA /* Civilization.swift */; };
		299EA62323A58E8200D9E7BA /* Unit.swift in Sources */ = {isa = PBXBuildFile; fileRef = 299EA62223A58E8200D9E7BA /* Unit.swift */; };
		299EA62623A58F8C00D9E7BA /* Structure.swift in Sources */ = {isa = PBXBuildFile; fileRef = 299EA62523A58F8C00D9E7BA /* Structure.swift */; };
		299EA62923A5907D00D9E7BA /* Technology.swift in Sources */ = {isa = PBXBuildFile; fileRef = 299EA62823A5907D00D9E7BA /* Technology.swift */; };
		299EA62C23A5914400D9E7BA /* NotFoundError.swift in Sources */ = {isa = PBXBuildFile; fileRef = 299EA62B23A5914400D9E7BA /* NotFoundError.swift */; };
		299EA62F23A5916E00D9E7BA /* Cost.swift in Sources */ = {isa = PBXBuildFile; fileRef = 299EA62E23A5916E00D9E7BA /* Cost.swift */; };
		299EA8D023A6BAB200D9E7BA /* CivilizationTableViewController.swift in Sources */ = {isa = PBXBuildFile; fileRef = 299EA8CF23A6BAB200D9E7BA /* CivilizationTableViewController.swift */; };
		299EA8D223A6BF6100D9E7BA /* CivilizationDetailView.swift in Sources */ = {isa = PBXBuildFile; fileRef = 299EA8D123A6BF6100D9E7BA /* CivilizationDetailView.swift */; };
/* End PBXBuildFile section */

/* Begin PBXFileReference section */
		2998DF0223A858560017269B /* UnitTableViewController.swift */ = {isa = PBXFileReference; lastKnownFileType = sourcecode.swift; path = UnitTableViewController.swift; sourceTree = "<group>"; };
		2998DF0423A858640017269B /* UnitDetailView.swift */ = {isa = PBXFileReference; lastKnownFileType = sourcecode.swift; path = UnitDetailView.swift; sourceTree = "<group>"; };
		299EA5FB23A58AE800D9E7BA /* AOEII.app */ = {isa = PBXFileReference; explicitFileType = wrapper.application; includeInIndex = 0; path = AOEII.app; sourceTree = BUILT_PRODUCTS_DIR; };
		299EA5FE23A58AE800D9E7BA /* AppDelegate.swift */ = {isa = PBXFileReference; lastKnownFileType = sourcecode.swift; path = AppDelegate.swift; sourceTree = "<group>"; };
		299EA60023A58AE800D9E7BA /* SceneDelegate.swift */ = {isa = PBXFileReference; lastKnownFileType = sourcecode.swift; path = SceneDelegate.swift; sourceTree = "<group>"; };
		299EA60223A58AE800D9E7BA /* BaseViewController.swift */ = {isa = PBXFileReference; lastKnownFileType = sourcecode.swift; path = BaseViewController.swift; sourceTree = "<group>"; };
		299EA60523A58AE800D9E7BA /* Base */ = {isa = PBXFileReference; lastKnownFileType = file.storyboard; name = Base; path = Base.lproj/Main.storyboard; sourceTree = "<group>"; };
		299EA60723A58AEA00D9E7BA /* Assets.xcassets */ = {isa = PBXFileReference; lastKnownFileType = folder.assetcatalog; path = Assets.xcassets; sourceTree = "<group>"; };
		299EA60A23A58AEA00D9E7BA /* Base */ = {isa = PBXFileReference; lastKnownFileType = file.storyboard; name = Base; path = Base.lproj/LaunchScreen.storyboard; sourceTree = "<group>"; };
		299EA60C23A58AEA00D9E7BA /* Info.plist */ = {isa = PBXFileReference; lastKnownFileType = text.plist.xml; path = Info.plist; sourceTree = "<group>"; };
		299EA61923A58CAA00D9E7BA /* API.swift */ = {isa = PBXFileReference; lastKnownFileType = sourcecode.swift; path = API.swift; sourceTree = "<group>"; };
		299EA61C23A58DAD00D9E7BA /* Civilization.swift */ = {isa = PBXFileReference; lastKnownFileType = sourcecode.swift; path = Civilization.swift; sourceTree = "<group>"; };
		299EA62223A58E8200D9E7BA /* Unit.swift */ = {isa = PBXFileReference; lastKnownFileType = sourcecode.swift; path = Unit.swift; sourceTree = "<group>"; };
		299EA62523A58F8C00D9E7BA /* Structure.swift */ = {isa = PBXFileReference; lastKnownFileType = sourcecode.swift; path = Structure.swift; sourceTree = "<group>"; };
		299EA62823A5907D00D9E7BA /* Technology.swift */ = {isa = PBXFileReference; lastKnownFileType = sourcecode.swift; path = Technology.swift; sourceTree = "<group>"; };
		299EA62B23A5914400D9E7BA /* NotFoundError.swift */ = {isa = PBXFileReference; lastKnownFileType = sourcecode.swift; path = NotFoundError.swift; sourceTree = "<group>"; };
		299EA62E23A5916E00D9E7BA /* Cost.swift */ = {isa = PBXFileReference; lastKnownFileType = sourcecode.swift; path = Cost.swift; sourceTree = "<group>"; };
		299EA8CF23A6BAB200D9E7BA /* CivilizationTableViewController.swift */ = {isa = PBXFileReference; lastKnownFileType = sourcecode.swift; path = CivilizationTableViewController.swift; sourceTree = "<group>"; };
		299EA8D123A6BF6100D9E7BA /* CivilizationDetailView.swift */ = {isa = PBXFileReference; lastKnownFileType = sourcecode.swift; path = CivilizationDetailView.swift; sourceTree = "<group>"; };
/* End PBXFileReference section */

/* Begin PBXFrameworksBuildPhase section */
		299EA5F823A58AE800D9E7BA /* Frameworks */ = {
			isa = PBXFrameworksBuildPhase;
			buildActionMask = 2147483647;
			files = (
				299EA61423A58B2300D9E7BA /* SwiftUIKit in Frameworks */,
				299EA61723A58B3D00D9E7BA /* SLog in Frameworks */,
			);
			runOnlyForDeploymentPostprocessing = 0;
		};
/* End PBXFrameworksBuildPhase section */

/* Begin PBXGroup section */
		2998DF0123A8583E0017269B /* Unit */ = {
			isa = PBXGroup;
			children = (
				2998DF0223A858560017269B /* UnitTableViewController.swift */,
				2998DF0423A858640017269B /* UnitDetailView.swift */,
			);
			path = Unit;
			sourceTree = "<group>";
		};
		299EA5F223A58AE800D9E7BA = {
			isa = PBXGroup;
			children = (
				299EA5FD23A58AE800D9E7BA /* AOEII */,
				299EA5FC23A58AE800D9E7BA /* Products */,
			);
			sourceTree = "<group>";
		};
		299EA5FC23A58AE800D9E7BA /* Products */ = {
			isa = PBXGroup;
			children = (
				299EA5FB23A58AE800D9E7BA /* AOEII.app */,
			);
			name = Products;
			sourceTree = "<group>";
		};
		299EA5FD23A58AE800D9E7BA /* AOEII */ = {
			isa = PBXGroup;
			children = (
				299EA8CD23A6BA7B00D9E7BA /* Views */,
				299EA61B23A58D9E00D9E7BA /* Models */,
				299EA61823A58C9F00D9E7BA /* API */,
				299EA5FE23A58AE800D9E7BA /* AppDelegate.swift */,
				299EA60023A58AE800D9E7BA /* SceneDelegate.swift */,
				299EA60223A58AE800D9E7BA /* BaseViewController.swift */,
				299EA60423A58AE800D9E7BA /* Main.storyboard */,
				299EA60723A58AEA00D9E7BA /* Assets.xcassets */,
				299EA60923A58AEA00D9E7BA /* LaunchScreen.storyboard */,
				299EA60C23A58AEA00D9E7BA /* Info.plist */,
			);
			path = AOEII;
			sourceTree = "<group>";
		};
		299EA61823A58C9F00D9E7BA /* API */ = {
			isa = PBXGroup;
			children = (
				299EA61923A58CAA00D9E7BA /* API.swift */,
			);
			path = API;
			sourceTree = "<group>";
		};
		299EA61B23A58D9E00D9E7BA /* Models */ = {
			isa = PBXGroup;
			children = (
				299EA62D23A5915E00D9E7BA /* Cost */,
				299EA62A23A5912F00D9E7BA /* Errors */,
				299EA62723A5906900D9E7BA /* Technology */,
				299EA62423A58F7E00D9E7BA /* Structure */,
				299EA62123A58E6000D9E7BA /* Unit */,
				299EA62023A58E5A00D9E7BA /* Civilization */,
			);
			path = Models;
			sourceTree = "<group>";
		};
		299EA62023A58E5A00D9E7BA /* Civilization */ = {
			isa = PBXGroup;
			children = (
				299EA61C23A58DAD00D9E7BA /* Civilization.swift */,
			);
			path = Civilization;
			sourceTree = "<group>";
		};
		299EA62123A58E6000D9E7BA /* Unit */ = {
			isa = PBXGroup;
			children = (
				299EA62223A58E8200D9E7BA /* Unit.swift */,
			);
			path = Unit;
			sourceTree = "<group>";
		};
		299EA62423A58F7E00D9E7BA /* Structure */ = {
			isa = PBXGroup;
			children = (
				299EA62523A58F8C00D9E7BA /* Structure.swift */,
			);
			path = Structure;
			sourceTree = "<group>";
		};
		299EA62723A5906900D9E7BA /* Technology */ = {
			isa = PBXGroup;
			children = (
				299EA62823A5907D00D9E7BA /* Technology.swift */,
			);
			path = Technology;
			sourceTree = "<group>";
		};
		299EA62A23A5912F00D9E7BA /* Errors */ = {
			isa = PBXGroup;
			children = (
				299EA62B23A5914400D9E7BA /* NotFoundError.swift */,
			);
			path = Errors;
			sourceTree = "<group>";
		};
		299EA62D23A5915E00D9E7BA /* Cost */ = {
			isa = PBXGroup;
			children = (
				299EA62E23A5916E00D9E7BA /* Cost.swift */,
			);
			path = Cost;
			sourceTree = "<group>";
		};
		299EA8CD23A6BA7B00D9E7BA /* Views */ = {
			isa = PBXGroup;
			children = (
				2998DF0123A8583E0017269B /* Unit */,
				299EA8CE23A6BA8200D9E7BA /* Civilization */,
			);
			path = Views;
			sourceTree = "<group>";
		};
		299EA8CE23A6BA8200D9E7BA /* Civilization */ = {
			isa = PBXGroup;
			children = (
				299EA8CF23A6BAB200D9E7BA /* CivilizationTableViewController.swift */,
				299EA8D123A6BF6100D9E7BA /* CivilizationDetailView.swift */,
			);
			path = Civilization;
			sourceTree = "<group>";
		};
/* End PBXGroup section */

/* Begin PBXNativeTarget section */
		299EA5FA23A58AE800D9E7BA /* AOEII */ = {
			isa = PBXNativeTarget;
			buildConfigurationList = 299EA60F23A58AEA00D9E7BA /* Build configuration list for PBXNativeTarget "AOEII" */;
			buildPhases = (
				299EA5F723A58AE800D9E7BA /* Sources */,
				299EA5F823A58AE800D9E7BA /* Frameworks */,
				299EA5F923A58AE800D9E7BA /* Resources */,
			);
			buildRules = (
			);
			dependencies = (
			);
			name = AOEII;
			packageProductDependencies = (
				299EA61323A58B2300D9E7BA /* SwiftUIKit */,
				299EA61623A58B3D00D9E7BA /* SLog */,
			);
			productName = AOEII;
			productReference = 299EA5FB23A58AE800D9E7BA /* AOEII.app */;
			productType = "com.apple.product-type.application";
		};
/* End PBXNativeTarget section */

/* Begin PBXProject section */
		299EA5F323A58AE800D9E7BA /* Project object */ = {
			isa = PBXProject;
			attributes = {
				LastSwiftUpdateCheck = 1100;
				LastUpgradeCheck = 1100;
				ORGANIZATIONNAME = oneleif;
				TargetAttributes = {
					299EA5FA23A58AE800D9E7BA = {
						CreatedOnToolsVersion = 11.0;
					};
				};
			};
			buildConfigurationList = 299EA5F623A58AE800D9E7BA /* Build configuration list for PBXProject "AOEII" */;
			compatibilityVersion = "Xcode 9.3";
			developmentRegion = en;
			hasScannedForEncodings = 0;
			knownRegions = (
				en,
				Base,
			);
			mainGroup = 299EA5F223A58AE800D9E7BA;
			packageReferences = (
				299EA61223A58B2300D9E7BA /* XCRemoteSwiftPackageReference "SwiftUIKit" */,
				299EA61523A58B3D00D9E7BA /* XCRemoteSwiftPackageReference "SLog" */,
			);
			productRefGroup = 299EA5FC23A58AE800D9E7BA /* Products */;
			projectDirPath = "";
			projectRoot = "";
			targets = (
				299EA5FA23A58AE800D9E7BA /* AOEII */,
			);
		};
/* End PBXProject section */

/* Begin PBXResourcesBuildPhase section */
		299EA5F923A58AE800D9E7BA /* Resources */ = {
			isa = PBXResourcesBuildPhase;
			buildActionMask = 2147483647;
			files = (
				299EA60B23A58AEA00D9E7BA /* LaunchScreen.storyboard in Resources */,
				299EA60823A58AEA00D9E7BA /* Assets.xcassets in Resources */,
				299EA60623A58AE800D9E7BA /* Main.storyboard in Resources */,
			);
			runOnlyForDeploymentPostprocessing = 0;
		};
/* End PBXResourcesBuildPhase section */

/* Begin PBXSourcesBuildPhase section */
		299EA5F723A58AE800D9E7BA /* Sources */ = {
			isa = PBXSourcesBuildPhase;
			buildActionMask = 2147483647;
			files = (
				299EA60323A58AE800D9E7BA /* BaseViewController.swift in Sources */,
				299EA61D23A58DAD00D9E7BA /* Civilization.swift in Sources */,
				2998DF0323A858560017269B /* UnitTableViewController.swift in Sources */,
				2998DF0523A858640017269B /* UnitDetailView.swift in Sources */,
				299EA62323A58E8200D9E7BA /* Unit.swift in Sources */,
				299EA5FF23A58AE800D9E7BA /* AppDelegate.swift in Sources */,
				299EA8D223A6BF6100D9E7BA /* CivilizationDetailView.swift in Sources */,
				299EA61A23A58CAA00D9E7BA /* API.swift in Sources */,
				299EA62C23A5914400D9E7BA /* NotFoundError.swift in Sources */,
				299EA62623A58F8C00D9E7BA /* Structure.swift in Sources */,
				299EA60123A58AE800D9E7BA /* SceneDelegate.swift in Sources */,
				299EA62F23A5916E00D9E7BA /* Cost.swift in Sources */,
				299EA8D023A6BAB200D9E7BA /* CivilizationTableViewController.swift in Sources */,
				299EA62923A5907D00D9E7BA /* Technology.swift in Sources */,
			);
			runOnlyForDeploymentPostprocessing = 0;
		};
/* End PBXSourcesBuildPhase section */

/* Begin PBXVariantGroup section */
		299EA60423A58AE800D9E7BA /* Main.storyboard */ = {
			isa = PBXVariantGroup;
			children = (
				299EA60523A58AE800D9E7BA /* Base */,
			);
			name = Main.storyboard;
			sourceTree = "<group>";
		};
		299EA60923A58AEA00D9E7BA /* LaunchScreen.storyboard */ = {
			isa = PBXVariantGroup;
			children = (
				299EA60A23A58AEA00D9E7BA /* Base */,
			);
			name = LaunchScreen.storyboard;
			sourceTree = "<group>";
		};
/* End PBXVariantGroup section */

/* Begin XCBuildConfiguration section */
		299EA60D23A58AEA00D9E7BA /* Debug */ = {
			isa = XCBuildConfiguration;
			buildSettings = {
				ALWAYS_SEARCH_USER_PATHS = NO;
				CLANG_ANALYZER_NONNULL = YES;
				CLANG_ANALYZER_NUMBER_OBJECT_CONVERSION = YES_AGGRESSIVE;
				CLANG_CXX_LANGUAGE_STANDARD = "gnu++14";
				CLANG_CXX_LIBRARY = "libc++";
				CLANG_ENABLE_MODULES = YES;
				CLANG_ENABLE_OBJC_ARC = YES;
				CLANG_ENABLE_OBJC_WEAK = YES;
				CLANG_WARN_BLOCK_CAPTURE_AUTORELEASING = YES;
				CLANG_WARN_BOOL_CONVERSION = YES;
				CLANG_WARN_COMMA = YES;
				CLANG_WARN_CONSTANT_CONVERSION = YES;
				CLANG_WARN_DEPRECATED_OBJC_IMPLEMENTATIONS = YES;
				CLANG_WARN_DIRECT_OBJC_ISA_USAGE = YES_ERROR;
				CLANG_WARN_DOCUMENTATION_COMMENTS = YES;
				CLANG_WARN_EMPTY_BODY = YES;
				CLANG_WARN_ENUM_CONVERSION = YES;
				CLANG_WARN_INFINITE_RECURSION = YES;
				CLANG_WARN_INT_CONVERSION = YES;
				CLANG_WARN_NON_LITERAL_NULL_CONVERSION = YES;
				CLANG_WARN_OBJC_IMPLICIT_RETAIN_SELF = YES;
				CLANG_WARN_OBJC_LITERAL_CONVERSION = YES;
				CLANG_WARN_OBJC_ROOT_CLASS = YES_ERROR;
				CLANG_WARN_RANGE_LOOP_ANALYSIS = YES;
				CLANG_WARN_STRICT_PROTOTYPES = YES;
				CLANG_WARN_SUSPICIOUS_MOVE = YES;
				CLANG_WARN_UNGUARDED_AVAILABILITY = YES_AGGRESSIVE;
				CLANG_WARN_UNREACHABLE_CODE = YES;
				CLANG_WARN__DUPLICATE_METHOD_MATCH = YES;
				COPY_PHASE_STRIP = NO;
				DEBUG_INFORMATION_FORMAT = dwarf;
				ENABLE_STRICT_OBJC_MSGSEND = YES;
				ENABLE_TESTABILITY = YES;
				GCC_C_LANGUAGE_STANDARD = gnu11;
				GCC_DYNAMIC_NO_PIC = NO;
				GCC_NO_COMMON_BLOCKS = YES;
				GCC_OPTIMIZATION_LEVEL = 0;
				GCC_PREPROCESSOR_DEFINITIONS = (
					"DEBUG=1",
					"$(inherited)",
				);
				GCC_WARN_64_TO_32_BIT_CONVERSION = YES;
				GCC_WARN_ABOUT_RETURN_TYPE = YES_ERROR;
				GCC_WARN_UNDECLARED_SELECTOR = YES;
				GCC_WARN_UNINITIALIZED_AUTOS = YES_AGGRESSIVE;
				GCC_WARN_UNUSED_FUNCTION = YES;
				GCC_WARN_UNUSED_VARIABLE = YES;
				IPHONEOS_DEPLOYMENT_TARGET = 13.0;
				MTL_ENABLE_DEBUG_INFO = INCLUDE_SOURCE;
				MTL_FAST_MATH = YES;
				ONLY_ACTIVE_ARCH = YES;
				SDKROOT = iphoneos;
				SWIFT_ACTIVE_COMPILATION_CONDITIONS = DEBUG;
				SWIFT_OPTIMIZATION_LEVEL = "-Onone";
			};
			name = Debug;
		};
		299EA60E23A58AEA00D9E7BA /* Release */ = {
			isa = XCBuildConfiguration;
			buildSettings = {
				ALWAYS_SEARCH_USER_PATHS = NO;
				CLANG_ANALYZER_NONNULL = YES;
				CLANG_ANALYZER_NUMBER_OBJECT_CONVERSION = YES_AGGRESSIVE;
				CLANG_CXX_LANGUAGE_STANDARD = "gnu++14";
				CLANG_CXX_LIBRARY = "libc++";
				CLANG_ENABLE_MODULES = YES;
				CLANG_ENABLE_OBJC_ARC = YES;
				CLANG_ENABLE_OBJC_WEAK = YES;
				CLANG_WARN_BLOCK_CAPTURE_AUTORELEASING = YES;
				CLANG_WARN_BOOL_CONVERSION = YES;
				CLANG_WARN_COMMA = YES;
				CLANG_WARN_CONSTANT_CONVERSION = YES;
				CLANG_WARN_DEPRECATED_OBJC_IMPLEMENTATIONS = YES;
				CLANG_WARN_DIRECT_OBJC_ISA_USAGE = YES_ERROR;
				CLANG_WARN_DOCUMENTATION_COMMENTS = YES;
				CLANG_WARN_EMPTY_BODY = YES;
				CLANG_WARN_ENUM_CONVERSION = YES;
				CLANG_WARN_INFINITE_RECURSION = YES;
				CLANG_WARN_INT_CONVERSION = YES;
				CLANG_WARN_NON_LITERAL_NULL_CONVERSION = YES;
				CLANG_WARN_OBJC_IMPLICIT_RETAIN_SELF = YES;
				CLANG_WARN_OBJC_LITERAL_CONVERSION = YES;
				CLANG_WARN_OBJC_ROOT_CLASS = YES_ERROR;
				CLANG_WARN_RANGE_LOOP_ANALYSIS = YES;
				CLANG_WARN_STRICT_PROTOTYPES = YES;
				CLANG_WARN_SUSPICIOUS_MOVE = YES;
				CLANG_WARN_UNGUARDED_AVAILABILITY = YES_AGGRESSIVE;
				CLANG_WARN_UNREACHABLE_CODE = YES;
				CLANG_WARN__DUPLICATE_METHOD_MATCH = YES;
				COPY_PHASE_STRIP = NO;
				DEBUG_INFORMATION_FORMAT = "dwarf-with-dsym";
				ENABLE_NS_ASSERTIONS = NO;
				ENABLE_STRICT_OBJC_MSGSEND = YES;
				GCC_C_LANGUAGE_STANDARD = gnu11;
				GCC_NO_COMMON_BLOCKS = YES;
				GCC_WARN_64_TO_32_BIT_CONVERSION = YES;
				GCC_WARN_ABOUT_RETURN_TYPE = YES_ERROR;
				GCC_WARN_UNDECLARED_SELECTOR = YES;
				GCC_WARN_UNINITIALIZED_AUTOS = YES_AGGRESSIVE;
				GCC_WARN_UNUSED_FUNCTION = YES;
				GCC_WARN_UNUSED_VARIABLE = YES;
				IPHONEOS_DEPLOYMENT_TARGET = 13.0;
				MTL_ENABLE_DEBUG_INFO = NO;
				MTL_FAST_MATH = YES;
				SDKROOT = iphoneos;
				SWIFT_COMPILATION_MODE = wholemodule;
				SWIFT_OPTIMIZATION_LEVEL = "-O";
				VALIDATE_PRODUCT = YES;
			};
			name = Release;
		};
		299EA61023A58AEA00D9E7BA /* Debug */ = {
			isa = XCBuildConfiguration;
			buildSettings = {
				ASSETCATALOG_COMPILER_APPICON_NAME = AppIcon;
				CODE_SIGN_STYLE = Automatic;
				DEVELOPMENT_TEAM = 8M8SAX62V2;
				INFOPLIST_FILE = AOEII/Info.plist;
				LD_RUNPATH_SEARCH_PATHS = (
					"$(inherited)",
					"@executable_path/Frameworks",
				);
				PRODUCT_BUNDLE_IDENTIFIER = ol.AOEII;
				PRODUCT_NAME = "$(TARGET_NAME)";
				SWIFT_VERSION = 5.0;
				TARGETED_DEVICE_FAMILY = "1,2";
			};
			name = Debug;
		};
		299EA61123A58AEA00D9E7BA /* Release */ = {
			isa = XCBuildConfiguration;
			buildSettings = {
				ASSETCATALOG_COMPILER_APPICON_NAME = AppIcon;
				CODE_SIGN_STYLE = Automatic;
				DEVELOPMENT_TEAM = 8M8SAX62V2;
				INFOPLIST_FILE = AOEII/Info.plist;
				LD_RUNPATH_SEARCH_PATHS = (
					"$(inherited)",
					"@executable_path/Frameworks",
				);
				PRODUCT_BUNDLE_IDENTIFIER = ol.AOEII;
				PRODUCT_NAME = "$(TARGET_NAME)";
				SWIFT_VERSION = 5.0;
				TARGETED_DEVICE_FAMILY = "1,2";
			};
			name = Release;
		};
/* End XCBuildConfiguration section */

/* Begin XCConfigurationList section */
		299EA5F623A58AE800D9E7BA /* Build configuration list for PBXProject "AOEII" */ = {
			isa = XCConfigurationList;
			buildConfigurations = (
				299EA60D23A58AEA00D9E7BA /* Debug */,
				299EA60E23A58AEA00D9E7BA /* Release */,
			);
			defaultConfigurationIsVisible = 0;
			defaultConfigurationName = Release;
		};
		299EA60F23A58AEA00D9E7BA /* Build configuration list for PBXNativeTarget "AOEII" */ = {
			isa = XCConfigurationList;
			buildConfigurations = (
				299EA61023A58AEA00D9E7BA /* Debug */,
				299EA61123A58AEA00D9E7BA /* Release */,
			);
			defaultConfigurationIsVisible = 0;
			defaultConfigurationName = Release;
		};
/* End XCConfigurationList section */

/* Begin XCRemoteSwiftPackageReference section */
		299EA61223A58B2300D9E7BA /* XCRemoteSwiftPackageReference "SwiftUIKit" */ = {
			isa = XCRemoteSwiftPackageReference;
			repositoryURL = "https://github.com/zmeriksen/SwiftUIKit.git";
			requirement = {
				branch = develop;
				kind = branch;
			};
		};
		299EA61523A58B3D00D9E7BA /* XCRemoteSwiftPackageReference "SLog" */ = {
			isa = XCRemoteSwiftPackageReference;
			repositoryURL = "https://github.com/zmeriksen/SLog.git";
			requirement = {
				branch = master;
				kind = branch;
			};
		};
/* End XCRemoteSwiftPackageReference section */

/* Begin XCSwiftPackageProductDependency section */
		299EA61323A58B2300D9E7BA /* SwiftUIKit */ = {
			isa = XCSwiftPackageProductDependency;
			package = 299EA61223A58B2300D9E7BA /* XCRemoteSwiftPackageReference "SwiftUIKit" */;
			productName = SwiftUIKit;
		};
		299EA61623A58B3D00D9E7BA /* SLog */ = {
			isa = XCSwiftPackageProductDependency;
			package = 299EA61523A58B3D00D9E7BA /* XCRemoteSwiftPackageReference "SLog" */;
			productName = SLog;
		};
/* End XCSwiftPackageProductDependency section */
	};
	rootObject = 299EA5F323A58AE800D9E7BA /* Project object */;
}
